
Microsoft Visual Studio Solution File, Format Version 12.00
# Visual Studio 15
VisualStudioVersion = 15.0.27428.2043
MinimumVisualStudioVersion = 10.0.40219.1
Project("{FAE04EC0-301F-11D3-BF4B-00C04F79EFBC}") = "Proyecto 2 -  Lenguajes", "Proyecto 2 -  Lenguajes\Proyecto 2 -  Lenguajes.csproj", "{7F69AF44-2789-468A-8249-3803152F1B88}"
EndProject
Global
	GlobalSection(SolutionConfigurationPlatforms) = preSolution
		Debug|Any CPU = Debug|Any CPU
		Release|Any CPU = Release|Any CPU
	EndGlobalSection
	GlobalSection(ProjectConfigurationPlatforms) = postSolution
		{7F69AF44-2789-468A-8249-3803152F1B88}.Debug|Any CPU.ActiveCfg = Debug|Any CPU
		{7F69AF44-2789-468A-8249-3803152F1B88}.Debug|Any CPU.Build.0 = Debug|Any CPU
		{7F69AF44-2789-468A-8249-3803152F1B88}.Release|Any CPU.ActiveCfg = Release|Any CPU
		{7F69AF44-2789-468A-8249-3803152F1B88}.Release|Any CPU.Build.0 = Release|Any CPU
	EndGlobalSection
	GlobalSection(SolutionProperties) = preSolution
		HideSolutionNode = FALSE
	EndGlobalSection
	GlobalSection(ExtensibilityGlobals) = postSolution
		SolutionGuid = {0559EBA4-D5AE-4D52-BEC0-4DB52037BC9E}
	EndGlobalSection
EndGlobal
